
Microsoft Visual Studio Solution File, Format Version 12.00
# Visual Studio Version 17
VisualStudioVersion = 17.3.32611.2
MinimumVisualStudioVersion = 10.0.40219.1
Project("{9A19103F-16F7-4668-BE54-9A1E7A4F7556}") = "thesteadfamilycom", "thesteadfamilycom.csproj", "{7D735E86-E093-4EA3-93FC-65A5498DAB18}"
EndProject
Project("{2150E333-8FDC-42A3-9474-1A3956D46DE8}") = "Solution Items", "Solution Items", "{A13D63D0-A6A3-4498-9086-1FF91711B921}"
	ProjectSection(SolutionItems) = preProject
		..\.gitattributes = ..\.gitattributes
		..\.gitignore = ..\.gitignore
		..\.github\workflows\buildanddeploy.yml = ..\.github\workflows\buildanddeploy.yml
		..\README.md = ..\README.md
	EndProjectSection
EndProject
Global
	GlobalSection(SolutionConfigurationPlatforms) = preSolution
		Debug|Any CPU = Debug|Any CPU
		Release|Any CPU = Release|Any CPU
	EndGlobalSection
	GlobalSection(ProjectConfigurationPlatforms) = postSolution
		{7D735E86-E093-4EA3-93FC-65A5498DAB18}.Debug|Any CPU.ActiveCfg = Debug|Any CPU
		{7D735E86-E093-4EA3-93FC-65A5498DAB18}.Debug|Any CPU.Build.0 = Debug|Any CPU
		{7D735E86-E093-4EA3-93FC-65A5498DAB18}.Release|Any CPU.ActiveCfg = Release|Any CPU
		{7D735E86-E093-4EA3-93FC-65A5498DAB18}.Release|Any CPU.Build.0 = Release|Any CPU
	EndGlobalSection
	GlobalSection(SolutionProperties) = preSolution
		HideSolutionNode = FALSE
	EndGlobalSection
	GlobalSection(ExtensibilityGlobals) = postSolution
		SolutionGuid = {67CAA502-C09C-4D2D-80C8-1EA825B86848}
	EndGlobalSection
EndGlobal
